
Microsoft Visual Studio Solution File, Format Version 12.00
# Visual Studio Version 17
VisualStudioVersion = 17.4.33403.182
MinimumVisualStudioVersion = 10.0.40219.1
Project("{FAE04EC0-301F-11D3-BF4B-00C04F79EFBC}") = "Unit14", "Unit14\Unit14.csproj", "{9365BCB0-630A-4001-9AAA-A57C4BCD9D1E}"
EndProject
Project("{FAE04EC0-301F-11D3-BF4B-00C04F79EFBC}") = "Unit14.Hw1", "Unit14.Hw1\Unit14.Hw1.csproj", "{10BB7244-9636-47C7-B8B4-8CD131283FAD}"
EndProject
Project("{FAE04EC0-301F-11D3-BF4B-00C04F79EFBC}") = "Unit14.Hw1V2", "Unit14.Hw1V2\Unit14.Hw1V2.csproj", "{E1658E08-9A9C-4C92-898F-7FC4092E4AB6}"
EndProject
Global
	GlobalSection(SolutionConfigurationPlatforms) = preSolution
		Debug|Any CPU = Debug|Any CPU
		Release|Any CPU = Release|Any CPU
	EndGlobalSection
	GlobalSection(ProjectConfigurationPlatforms) = postSolution
		{9365BCB0-630A-4001-9AAA-A57C4BCD9D1E}.Debug|Any CPU.ActiveCfg = Debug|Any CPU
		{9365BCB0-630A-4001-9AAA-A57C4BCD9D1E}.Debug|Any CPU.Build.0 = Debug|Any CPU
		{9365BCB0-630A-4001-9AAA-A57C4BCD9D1E}.Release|Any CPU.ActiveCfg = Release|Any CPU
		{9365BCB0-630A-4001-9AAA-A57C4BCD9D1E}.Release|Any CPU.Build.0 = Release|Any CPU
		{10BB7244-9636-47C7-B8B4-8CD131283FAD}.Debug|Any CPU.ActiveCfg = Debug|Any CPU
		{10BB7244-9636-47C7-B8B4-8CD131283FAD}.Debug|Any CPU.Build.0 = Debug|Any CPU
		{10BB7244-9636-47C7-B8B4-8CD131283FAD}.Release|Any CPU.ActiveCfg = Release|Any CPU
		{10BB7244-9636-47C7-B8B4-8CD131283FAD}.Release|Any CPU.Build.0 = Release|Any CPU
		{E1658E08-9A9C-4C92-898F-7FC4092E4AB6}.Debug|Any CPU.ActiveCfg = Debug|Any CPU
		{E1658E08-9A9C-4C92-898F-7FC4092E4AB6}.Debug|Any CPU.Build.0 = Debug|Any CPU
		{E1658E08-9A9C-4C92-898F-7FC4092E4AB6}.Release|Any CPU.ActiveCfg = Release|Any CPU
		{E1658E08-9A9C-4C92-898F-7FC4092E4AB6}.Release|Any CPU.Build.0 = Release|Any CPU
	EndGlobalSection
	GlobalSection(SolutionProperties) = preSolution
		HideSolutionNode = FALSE
	EndGlobalSection
	GlobalSection(ExtensibilityGlobals) = postSolution
		SolutionGuid = {A54580FC-FC71-465B-91EC-A0DEBBEFD283}
	EndGlobalSection
EndGlobal
